
Microsoft Visual Studio Solution File, Format Version 12.00
# Visual Studio Version 16
VisualStudioVersion = 16.0.30804.86
MinimumVisualStudioVersion = 10.0.40219.1
Project("{FAE04EC0-301F-11D3-BF4B-00C04F79EFBC}") = "mid-term-2", "mid-term-2\mid-term-2.csproj", "{2DF40A44-CD01-4A80-930B-7BAB299E6677}"
EndProject
Global
	GlobalSection(SolutionConfigurationPlatforms) = preSolution
		Debug|Any CPU = Debug|Any CPU
		Release|Any CPU = Release|Any CPU
	EndGlobalSection
	GlobalSection(ProjectConfigurationPlatforms) = postSolution
		{2DF40A44-CD01-4A80-930B-7BAB299E6677}.Debug|Any CPU.ActiveCfg = Debug|Any CPU
		{2DF40A44-CD01-4A80-930B-7BAB299E6677}.Debug|Any CPU.Build.0 = Debug|Any CPU
		{2DF40A44-CD01-4A80-930B-7BAB299E6677}.Release|Any CPU.ActiveCfg = Release|Any CPU
		{2DF40A44-CD01-4A80-930B-7BAB299E6677}.Release|Any CPU.Build.0 = Release|Any CPU
	EndGlobalSection
	GlobalSection(SolutionProperties) = preSolution
		HideSolutionNode = FALSE
	EndGlobalSection
	GlobalSection(ExtensibilityGlobals) = postSolution
		SolutionGuid = {CEC57236-9F0C-4F1E-995C-C479524CE705}
	EndGlobalSection
EndGlobal
