
Microsoft Visual Studio Solution File, Format Version 12.00
# Visual Studio Version 16
VisualStudioVersion = 16.0.30804.86
MinimumVisualStudioVersion = 10.0.40219.1
Project("{FAE04EC0-301F-11D3-BF4B-00C04F79EFBC}") = "Mid-term-3", "Mid-term-3\Mid-term-3.csproj", "{D9C6C750-CE03-4BCC-BBCE-5B2B75B72F6C}"
EndProject
Global
	GlobalSection(SolutionConfigurationPlatforms) = preSolution
		Debug|Any CPU = Debug|Any CPU
		Release|Any CPU = Release|Any CPU
	EndGlobalSection
	GlobalSection(ProjectConfigurationPlatforms) = postSolution
		{D9C6C750-CE03-4BCC-BBCE-5B2B75B72F6C}.Debug|Any CPU.ActiveCfg = Debug|Any CPU
		{D9C6C750-CE03-4BCC-BBCE-5B2B75B72F6C}.Debug|Any CPU.Build.0 = Debug|Any CPU
		{D9C6C750-CE03-4BCC-BBCE-5B2B75B72F6C}.Release|Any CPU.ActiveCfg = Release|Any CPU
		{D9C6C750-CE03-4BCC-BBCE-5B2B75B72F6C}.Release|Any CPU.Build.0 = Release|Any CPU
	EndGlobalSection
	GlobalSection(SolutionProperties) = preSolution
		HideSolutionNode = FALSE
	EndGlobalSection
	GlobalSection(ExtensibilityGlobals) = postSolution
		SolutionGuid = {D4F6B1F4-4AD1-45DF-A79F-70C27E642892}
	EndGlobalSection
EndGlobal
